
Microsoft Visual Studio Solution File, Format Version 12.00
# Visual Studio Version 16
VisualStudioVersion = 16.0.31702.278
MinimumVisualStudioVersion = 10.0.40219.1
Project("{FAE04EC0-301F-11D3-BF4B-00C04F79EFBC}") = "ActionsNet", "ActionsNet\ActionsNet.csproj", "{F7FBD9F0-52F5-4D78-89FC-4AF560B1C877}"
EndProject
Global
	GlobalSection(SolutionConfigurationPlatforms) = preSolution
		Debug|Any CPU = Debug|Any CPU
		Release|Any CPU = Release|Any CPU
	EndGlobalSection
	GlobalSection(ProjectConfigurationPlatforms) = postSolution
		{F7FBD9F0-52F5-4D78-89FC-4AF560B1C877}.Debug|Any CPU.ActiveCfg = Debug|Any CPU
		{F7FBD9F0-52F5-4D78-89FC-4AF560B1C877}.Debug|Any CPU.Build.0 = Debug|Any CPU
		{F7FBD9F0-52F5-4D78-89FC-4AF560B1C877}.Release|Any CPU.ActiveCfg = Release|Any CPU
		{F7FBD9F0-52F5-4D78-89FC-4AF560B1C877}.Release|Any CPU.Build.0 = Release|Any CPU
	EndGlobalSection
	GlobalSection(SolutionProperties) = preSolution
		HideSolutionNode = FALSE
	EndGlobalSection
	GlobalSection(ExtensibilityGlobals) = postSolution
		SolutionGuid = {AD2E23A8-6A26-4F06-85DE-D6F5727C16B7}
	EndGlobalSection
EndGlobal
